github.com/amarnathcjd/gogram v1.6.3-0.20250824143536-d371f2bd8b52 h1:4SN9QfhnfhkEppBTKdHoO83Bi5wD4Gr1PpofUkodg2s=
github.com/amarnathcjd/gogram v1.6.3-0.20250824143536-d371f2bd8b52/go.mod h1:vZURSYiNYNPnZ70msOgmRmcVuku1P6ol2zIAHMM1CFY=
github.com/pkg/errors v0.9.1 h1:FEBLx1zS214owpjy7qsBeixbURkuhQAwrK5UwLGTwt4=
github.com/pkg/errors v0.9.1/go.mod h1:bwawxfHBFNV+L2hUp1rHADufV3IMtnDRdf1r5NINEl0=
golang.org/x/net v0.45.0 h1:RLBg5JKixCy82FtLJpeNlVM0nrSqpCRYzVU1n8kj0tM=
golang.org/x/net v0.45.0/go.mod h1:ECOoLqd5U3Lhyeyo/QDCEVQ4sNgYsqvCZ722XogGieY=
